
Microsoft Visual Studio Solution File, Format Version 12.00
# Visual Studio Version 17
VisualStudioVersion = 17.8.34322.80
MinimumVisualStudioVersion = 10.0.40219.1
Project("{FAE04EC0-301F-11D3-BF4B-00C04F79EFBC}") = "dogadjajPomocno", "dogadjajPomocno\dogadjajPomocno.csproj", "{0FE5F8A7-146D-419F-9A7E-1F9164A7E617}"
EndProject
Global
	GlobalSection(SolutionConfigurationPlatforms) = preSolution
		Debug|Any CPU = Debug|Any CPU
		Release|Any CPU = Release|Any CPU
	EndGlobalSection
	GlobalSection(ProjectConfigurationPlatforms) = postSolution
		{0FE5F8A7-146D-419F-9A7E-1F9164A7E617}.Debug|Any CPU.ActiveCfg = Debug|Any CPU
		{0FE5F8A7-146D-419F-9A7E-1F9164A7E617}.Debug|Any CPU.Build.0 = Debug|Any CPU
		{0FE5F8A7-146D-419F-9A7E-1F9164A7E617}.Release|Any CPU.ActiveCfg = Release|Any CPU
		{0FE5F8A7-146D-419F-9A7E-1F9164A7E617}.Release|Any CPU.Build.0 = Release|Any CPU
	EndGlobalSection
	GlobalSection(SolutionProperties) = preSolution
		HideSolutionNode = FALSE
	EndGlobalSection
	GlobalSection(ExtensibilityGlobals) = postSolution
		SolutionGuid = {62292970-3A39-4B4A-9A39-755C025C0F0A}
	EndGlobalSection
EndGlobal
